
Microsoft Visual Studio Solution File, Format Version 12.00
# Visual Studio Version 17
VisualStudioVersion = 17.5.33516.290
MinimumVisualStudioVersion = 10.0.40219.1
Project("{FAE04EC0-301F-11D3-BF4B-00C04F79EFBC}") = "Kronospan_PLC_Reader", "Kronospan_PLC_Reader\Kronospan_PLC_Reader.csproj", "{CF483E82-CCAB-44BE-92F1-496A972CF57F}"
EndProject
Global
	GlobalSection(SolutionConfigurationPlatforms) = preSolution
		Debug|Any CPU = Debug|Any CPU
		Release|Any CPU = Release|Any CPU
	EndGlobalSection
	GlobalSection(ProjectConfigurationPlatforms) = postSolution
		{CF483E82-CCAB-44BE-92F1-496A972CF57F}.Debug|Any CPU.ActiveCfg = Debug|Any CPU
		{CF483E82-CCAB-44BE-92F1-496A972CF57F}.Debug|Any CPU.Build.0 = Debug|Any CPU
		{CF483E82-CCAB-44BE-92F1-496A972CF57F}.Release|Any CPU.ActiveCfg = Release|Any CPU
		{CF483E82-CCAB-44BE-92F1-496A972CF57F}.Release|Any CPU.Build.0 = Release|Any CPU
	EndGlobalSection
	GlobalSection(SolutionProperties) = preSolution
		HideSolutionNode = FALSE
	EndGlobalSection
	GlobalSection(ExtensibilityGlobals) = postSolution
		SolutionGuid = {9313D816-6889-4B9A-938B-0DB81763FC0F}
	EndGlobalSection
EndGlobal
